
Microsoft Visual Studio Solution File, Format Version 12.00
# Visual Studio Version 16
VisualStudioVersion = 16.0.32929.386
MinimumVisualStudioVersion = 10.0.40219.1
Project("{FAE04EC0-301F-11D3-BF4B-00C04F79EFBC}") = "Portfolio", "Portfolio.csproj", "{FFEEC673-1AF3-4FE9-B2A8-233B894FE18D}"
EndProject
Global
	GlobalSection(SolutionConfigurationPlatforms) = preSolution
		Debug|Any CPU = Debug|Any CPU
		Release|Any CPU = Release|Any CPU
	EndGlobalSection
	GlobalSection(ProjectConfigurationPlatforms) = postSolution
		{FFEEC673-1AF3-4FE9-B2A8-233B894FE18D}.Debug|Any CPU.ActiveCfg = Debug|Any CPU
		{FFEEC673-1AF3-4FE9-B2A8-233B894FE18D}.Debug|Any CPU.Build.0 = Debug|Any CPU
		{FFEEC673-1AF3-4FE9-B2A8-233B894FE18D}.Release|Any CPU.ActiveCfg = Release|Any CPU
		{FFEEC673-1AF3-4FE9-B2A8-233B894FE18D}.Release|Any CPU.Build.0 = Release|Any CPU
	EndGlobalSection
	GlobalSection(SolutionProperties) = preSolution
		HideSolutionNode = FALSE
	EndGlobalSection
	GlobalSection(ExtensibilityGlobals) = postSolution
		SolutionGuid = {38D1DC8E-0BBE-4AC1-948E-573018E41169}
	EndGlobalSection
EndGlobal
